
Microsoft Visual Studio Solution File, Format Version 12.00
# Visual Studio Version 17
VisualStudioVersion = 17.11.35208.52
MinimumVisualStudioVersion = 10.0.40219.1
Project("{FAE04EC0-301F-11D3-BF4B-00C04F79EFBC}") = "WpfApp2", "WpfApp2.csproj", "{17AEFDD1-B5C4-4460-B235-78DBD0EEC4FA}"
EndProject
Global
	GlobalSection(SolutionConfigurationPlatforms) = preSolution
		Debug|Any CPU = Debug|Any CPU
		Release|Any CPU = Release|Any CPU
	EndGlobalSection
	GlobalSection(ProjectConfigurationPlatforms) = postSolution
		{17AEFDD1-B5C4-4460-B235-78DBD0EEC4FA}.Debug|Any CPU.ActiveCfg = Debug|Any CPU
		{17AEFDD1-B5C4-4460-B235-78DBD0EEC4FA}.Debug|Any CPU.Build.0 = Debug|Any CPU
		{17AEFDD1-B5C4-4460-B235-78DBD0EEC4FA}.Release|Any CPU.ActiveCfg = Release|Any CPU
		{17AEFDD1-B5C4-4460-B235-78DBD0EEC4FA}.Release|Any CPU.Build.0 = Release|Any CPU
	EndGlobalSection
	GlobalSection(SolutionProperties) = preSolution
		HideSolutionNode = FALSE
	EndGlobalSection
	GlobalSection(ExtensibilityGlobals) = postSolution
		SolutionGuid = {B2EB8E92-E6E6-4D3F-B811-36D53D25B192}
	EndGlobalSection
EndGlobal
