
Microsoft Visual Studio Solution File, Format Version 12.00
# Visual Studio Version 17
VisualStudioVersion = 17.10.34916.146
MinimumVisualStudioVersion = 10.0.40219.1
Project("{FAE04EC0-301F-11D3-BF4B-00C04F79EFBC}") = "CodeFirstMigration", "CodeFirstMigration\CodeFirstMigration.csproj", "{C50AC7F9-7C2C-4E17-856B-83CB39DA27C9}"
EndProject
Global
	GlobalSection(SolutionConfigurationPlatforms) = preSolution
		Debug|Any CPU = Debug|Any CPU
		Release|Any CPU = Release|Any CPU
	EndGlobalSection
	GlobalSection(ProjectConfigurationPlatforms) = postSolution
		{C50AC7F9-7C2C-4E17-856B-83CB39DA27C9}.Debug|Any CPU.ActiveCfg = Debug|Any CPU
		{C50AC7F9-7C2C-4E17-856B-83CB39DA27C9}.Debug|Any CPU.Build.0 = Debug|Any CPU
		{C50AC7F9-7C2C-4E17-856B-83CB39DA27C9}.Release|Any CPU.ActiveCfg = Release|Any CPU
		{C50AC7F9-7C2C-4E17-856B-83CB39DA27C9}.Release|Any CPU.Build.0 = Release|Any CPU
	EndGlobalSection
	GlobalSection(SolutionProperties) = preSolution
		HideSolutionNode = FALSE
	EndGlobalSection
	GlobalSection(ExtensibilityGlobals) = postSolution
		SolutionGuid = {8636AFAD-AA3F-4AE4-863A-0D0893AC2356}
	EndGlobalSection
EndGlobal
