
Microsoft Visual Studio Solution File, Format Version 12.00
# Visual Studio Version 17
VisualStudioVersion = 17.10.34916.146
MinimumVisualStudioVersion = 10.0.40219.1
Project("{FAE04EC0-301F-11D3-BF4B-00C04F79EFBC}") = "HTMLFORM", "HTMLFORM\HTMLFORM.csproj", "{C780C0AD-57E4-4F5B-917E-E947E44D1AB4}"
EndProject
Global
	GlobalSection(SolutionConfigurationPlatforms) = preSolution
		Debug|Any CPU = Debug|Any CPU
		Release|Any CPU = Release|Any CPU
	EndGlobalSection
	GlobalSection(ProjectConfigurationPlatforms) = postSolution
		{C780C0AD-57E4-4F5B-917E-E947E44D1AB4}.Debug|Any CPU.ActiveCfg = Debug|Any CPU
		{C780C0AD-57E4-4F5B-917E-E947E44D1AB4}.Debug|Any CPU.Build.0 = Debug|Any CPU
		{C780C0AD-57E4-4F5B-917E-E947E44D1AB4}.Release|Any CPU.ActiveCfg = Release|Any CPU
		{C780C0AD-57E4-4F5B-917E-E947E44D1AB4}.Release|Any CPU.Build.0 = Release|Any CPU
	EndGlobalSection
	GlobalSection(SolutionProperties) = preSolution
		HideSolutionNode = FALSE
	EndGlobalSection
	GlobalSection(ExtensibilityGlobals) = postSolution
		SolutionGuid = {4C139FE9-2126-49BA-8A38-A4D7E4A93CDB}
	EndGlobalSection
EndGlobal
